
Microsoft Visual Studio Solution File, Format Version 12.00
# Visual Studio Version 16
VisualStudioVersion = 16.0.28922.388
MinimumVisualStudioVersion = 10.0.40219.1
Project("{8BC9CEB8-8B4A-11D0-8D11-00A0C91BC942}") = "rdpscan", "rdpscan.vcxproj", "{475F1C8A-F70D-45C0-95E5-EB783935277D}"
EndProject
Global
	GlobalSection(SolutionConfigurationPlatforms) = preSolution
		Debug|x64 = Debug|x64
		Debug|x86 = Debug|x86
		Release|x64 = Release|x64
		Release|x86 = Release|x86
	EndGlobalSection
	GlobalSection(ProjectConfigurationPlatforms) = postSolution
		{475F1C8A-F70D-45C0-95E5-EB783935277D}.Debug|x64.ActiveCfg = Debug|x64
		{475F1C8A-F70D-45C0-95E5-EB783935277D}.Debug|x64.Build.0 = Debug|x64
		{475F1C8A-F70D-45C0-95E5-EB783935277D}.Debug|x86.ActiveCfg = Debug|Win32
		{475F1C8A-F70D-45C0-95E5-EB783935277D}.Debug|x86.Build.0 = Debug|Win32
		{475F1C8A-F70D-45C0-95E5-EB783935277D}.Release|x64.ActiveCfg = Release|x64
		{475F1C8A-F70D-45C0-95E5-EB783935277D}.Release|x64.Build.0 = Release|x64
		{475F1C8A-F70D-45C0-95E5-EB783935277D}.Release|x86.ActiveCfg = Release|Win32
		{475F1C8A-F70D-45C0-95E5-EB783935277D}.Release|x86.Build.0 = Release|Win32
	EndGlobalSection
	GlobalSection(SolutionProperties) = preSolution
		HideSolutionNode = FALSE
	EndGlobalSection
	GlobalSection(ExtensibilityGlobals) = postSolution
		SolutionGuid = {E099EF89-8C2C-4100-B165-91C4716D17B8}
	EndGlobalSection
EndGlobal
