<?xml version="1.0" encoding="utf-8"?>
<Project ToolsVersion="4.0" xmlns="http://schemas.microsoft.com/developer/msbuild/2003">
  <ItemGroup>
    <Filter Include="Source Files">
      <UniqueIdentifier>{4FC737F1-C7A5-4376-A066-2A32D752A2FF}</UniqueIdentifier>
      <Extensions>cpp;c;cc;cxx;def;odl;idl;hpj;bat;asm;asmx</Extensions>
    </Filter>
    <Filter Include="Header Files">
      <UniqueIdentifier>{93995380-89BD-4b04-88EB-625FBE52EBFB}</UniqueIdentifier>
      <Extensions>h;hh;hpp;hxx;hm;inl;inc;ipp;xsd</Extensions>
    </Filter>
    <Filter Include="Resource Files">
      <UniqueIdentifier>{67DA6AB6-F800-4c08-8B7A-83BB121AAD01}</UniqueIdentifier>
      <Extensions>rc;ico;cur;bmp;dlg;rc2;rct;bin;rgs;gif;jpg;jpeg;jpe;resx;tiff;tif;png;wav;mfcribbon-ms</Extensions>
    </Filter>
  </ItemGroup>
  <ItemGroup>
    <ClCompile Include="..\asn.c">
      <Filter>Source Files</Filter>
    </ClCompile>
    <ClCompile Include="..\bitmap.c">
      <Filter>Source Files</Filter>
    </ClCompile>
    <ClCompile Include="..\channels.c">
      <Filter>Source Files</Filter>
    </ClCompile>
    <ClCompile Include="..\iso.c">
      <Filter>Source Files</Filter>
    </ClCompile>
    <ClCompile Include="..\licence.c">
      <Filter>Source Files</Filter>
    </ClCompile>
    <ClCompile Include="..\main.c">
      <Filter>Source Files</Filter>
    </ClCompile>
    <ClCompile Include="..\mcs.c">
      <Filter>Source Files</Filter>
    </ClCompile>
    <ClCompile Include="..\mppc.c">
      <Filter>Source Files</Filter>
    </ClCompile>
    <ClCompile Include="..\mst120.c">
      <Filter>Source Files</Filter>
    </ClCompile>
    <ClCompile Include="..\orders.c">
      <Filter>Source Files</Filter>
    </ClCompile>
    <ClCompile Include="..\rand-blackrock.c">
      <Filter>Source Files</Filter>
    </ClCompile>
    <ClCompile Include="..\ranges.c">
      <Filter>Source Files</Filter>
    </ClCompile>
    <ClCompile Include="..\rdp.c">
      <Filter>Source Files</Filter>
    </ClCompile>
    <ClCompile Include="..\rdp5.c">
      <Filter>Source Files</Filter>
    </ClCompile>
    <ClCompile Include="..\secure.c">
      <Filter>Source Files</Filter>
    </ClCompile>
    <ClCompile Include="..\ssl.c">
      <Filter>Source Files</Filter>
    </ClCompile>
    <ClCompile Include="..\tcp.c">
      <Filter>Source Files</Filter>
    </ClCompile>
    <ClCompile Include="..\util-genrand.c">
      <Filter>Source Files</Filter>
    </ClCompile>
    <ClCompile Include="..\util-log.c">
      <Filter>Source Files</Filter>
    </ClCompile>
    <ClCompile Include="..\util-sockets.c">
      <Filter>Source Files</Filter>
    </ClCompile>
    <ClCompile Include="..\util-time.c">
      <Filter>Source Files</Filter>
    </ClCompile>
    <ClCompile Include="..\util-xmalloc.c">
      <Filter>Source Files</Filter>
    </ClCompile>
    <ClCompile Include="..\workers.c">
      <Filter>Source Files</Filter>
    </ClCompile>
  </ItemGroup>
  <ItemGroup>
    <ClInclude Include="..\asn.h">
      <Filter>Source Files</Filter>
    </ClInclude>
    <ClInclude Include="..\bitmap.h">
      <Filter>Source Files</Filter>
    </ClInclude>
    <ClInclude Include="..\constants.h">
      <Filter>Source Files</Filter>
    </ClInclude>
    <ClInclude Include="..\mst120.h">
      <Filter>Source Files</Filter>
    </ClInclude>
    <ClInclude Include="..\orders.h">
      <Filter>Source Files</Filter>
    </ClInclude>
    <ClInclude Include="..\parse.h">
      <Filter>Source Files</Filter>
    </ClInclude>
    <ClInclude Include="..\proto.h">
      <Filter>Source Files</Filter>
    </ClInclude>
    <ClInclude Include="..\rand-blackrock.h">
      <Filter>Source Files</Filter>
    </ClInclude>
    <ClInclude Include="..\ranges.h">
      <Filter>Source Files</Filter>
    </ClInclude>
    <ClInclude Include="..\rdesktop.h">
      <Filter>Source Files</Filter>
    </ClInclude>
    <ClInclude Include="..\ssl.h">
      <Filter>Source Files</Filter>
    </ClInclude>
    <ClInclude Include="..\stream.h">
      <Filter>Source Files</Filter>
    </ClInclude>
    <ClInclude Include="..\tcp.h">
      <Filter>Source Files</Filter>
    </ClInclude>
    <ClInclude Include="..\types.h">
      <Filter>Source Files</Filter>
    </ClInclude>
    <ClInclude Include="..\util-genrand.h">
      <Filter>Source Files</Filter>
    </ClInclude>
    <ClInclude Include="..\util-log.h">
      <Filter>Source Files</Filter>
    </ClInclude>
    <ClInclude Include="..\util-sockets.h">
      <Filter>Source Files</Filter>
    </ClInclude>
    <ClInclude Include="..\util-time.h">
      <Filter>Source Files</Filter>
    </ClInclude>
    <ClInclude Include="..\util-xmalloc.h">
      <Filter>Source Files</Filter>
    </ClInclude>
    <ClInclude Include="..\workers.h">
      <Filter>Source Files</Filter>
    </ClInclude>
  </ItemGroup>
</Project>